
Microsoft Visual Studio Solution File, Format Version 12.00
# Visual Studio 2013
VisualStudioVersion = 12.0.21005.1
MinimumVisualStudioVersion = 10.0.40219.1
Project("{FAE04EC0-301F-11D3-BF4B-00C04F79EFBC}") = "PersonalTrackingApp", "PersonalTrackingApp\PersonalTrackingApp.csproj", "{82BC2E0F-A843-45F4-A491-28F4BD2E4E51}"
EndProject
Project("{FAE04EC0-301F-11D3-BF4B-00C04F79EFBC}") = "BLL", "BLL\BLL.csproj", "{B8BE0780-A266-4A91-9233-752C03992FD9}"
EndProject
Project("{FAE04EC0-301F-11D3-BF4B-00C04F79EFBC}") = "DAL", "DAO\DAL.csproj", "{6310A7C6-F21D-4AE4-BCDE-35D0CA8E1A98}"
EndProject
Global
	GlobalSection(SolutionConfigurationPlatforms) = preSolution
		Debug|Any CPU = Debug|Any CPU
		Release|Any CPU = Release|Any CPU
	EndGlobalSection
	GlobalSection(ProjectConfigurationPlatforms) = postSolution
		{82BC2E0F-A843-45F4-A491-28F4BD2E4E51}.Debug|Any CPU.ActiveCfg = Debug|Any CPU
		{82BC2E0F-A843-45F4-A491-28F4BD2E4E51}.Debug|Any CPU.Build.0 = Debug|Any CPU
		{82BC2E0F-A843-45F4-A491-28F4BD2E4E51}.Release|Any CPU.ActiveCfg = Release|Any CPU
		{82BC2E0F-A843-45F4-A491-28F4BD2E4E51}.Release|Any CPU.Build.0 = Release|Any CPU
		{B8BE0780-A266-4A91-9233-752C03992FD9}.Debug|Any CPU.ActiveCfg = Debug|Any CPU
		{B8BE0780-A266-4A91-9233-752C03992FD9}.Debug|Any CPU.Build.0 = Debug|Any CPU
		{B8BE0780-A266-4A91-9233-752C03992FD9}.Release|Any CPU.ActiveCfg = Release|Any CPU
		{B8BE0780-A266-4A91-9233-752C03992FD9}.Release|Any CPU.Build.0 = Release|Any CPU
		{6310A7C6-F21D-4AE4-BCDE-35D0CA8E1A98}.Debug|Any CPU.ActiveCfg = Debug|Any CPU
		{6310A7C6-F21D-4AE4-BCDE-35D0CA8E1A98}.Debug|Any CPU.Build.0 = Debug|Any CPU
		{6310A7C6-F21D-4AE4-BCDE-35D0CA8E1A98}.Release|Any CPU.ActiveCfg = Release|Any CPU
		{6310A7C6-F21D-4AE4-BCDE-35D0CA8E1A98}.Release|Any CPU.Build.0 = Release|Any CPU
	EndGlobalSection
	GlobalSection(SolutionProperties) = preSolution
		HideSolutionNode = FALSE
	EndGlobalSection
EndGlobal
